version = 1
revision = 2
requires-python = ">=3.10"

[[package]]
name = "2025-10-21-agentic-rag-context-engineering"
version = "0.1.0"
source = { virtual = "." }
dependencies = [
    { name = "baml-py" },
]

[package.metadata]
requires-dist = [{ name = "baml-py", specifier = ">=0.211.2" }]

[[package]]
name = "baml-py"
version = "0.211.2"
source = { registry = "https://pypi.org/simple" }
wheels = [
    { url = "https://files.pythonhosted.org/packages/76/7e/6373ddd33cc374d8cb8b9327ae41dab19a978129ff518e6d279a76dcfb8b/baml_py-0.211.2-cp38-abi3-macosx_10_12_x86_64.whl", hash = "sha256:27823a22636e4ef3e2a83a8a972158d1f3caea55a9555521b117c255a61b3452", size = 20338880, upload-time = "2025-10-12T05:24:27.098Z" },
    { url = "https://files.pythonhosted.org/packages/ef/17/f45a3ed19c362df2c943b1a7623740b96ee32b593b05498f169b09555c2d/baml_py-0.211.2-cp38-abi3-macosx_11_0_arm64.whl", hash = "sha256:36c7a8a7fa37120aa00864d9543a7eaa062f172fd316fc51ca79054d0595896b", size = 18967233, upload-time = "2025-10-12T05:24:30.638Z" },
    { url = "https://files.pythonhosted.org/packages/ff/15/2421bd1f3f4115efd9d237ff68d542831effcb79a7b98a0cc5a6a8930082/baml_py-0.211.2-cp38-abi3-manylinux_2_17_x86_64.manylinux2014_x86_64.whl", hash = "sha256:4cffc7bfe40e8a5089c6923678983458337f625d6a74ffae51ec1453d890ae3a", size = 22932857, upload-time = "2025-10-12T05:24:33.366Z" },
    { url = "https://files.pythonhosted.org/packages/2a/ba/e36215a2cc5d6ead9f906ddeec7867a131c407fddc4e56ab3b1bb8ad02f1/baml_py-0.211.2-cp38-abi3-manylinux_2_24_aarch64.whl", hash = "sha256:539914a1b8d3327674c7e0e96dd00a4ed1738850d95819172163f41e8782a5b7", size = 22102283, upload-time = "2025-10-12T05:24:36.795Z" },
    { url = "https://files.pythonhosted.org/packages/34/75/2a87b204b50be2d0c0caed17493f2efc82eff5ed2daba19c5607d76f5021/baml_py-0.211.2-cp38-abi3-musllinux_1_1_aarch64.whl", hash = "sha256:ae5d499504deb36f2937a6173b9861db2eced7cc483cf2df7d71f2bcb1660c42", size = 22351686, upload-time = "2025-10-12T05:24:39.836Z" },
    { url = "https://files.pythonhosted.org/packages/f8/68/e918f0d0dbee2f1b3b997348b646641831d07023fae3b4563cf46db751c6/baml_py-0.211.2-cp38-abi3-musllinux_1_1_x86_64.whl", hash = "sha256:e09ee1f2a5aadcb8e56777fa2480f07f96a28f556694e91c4343515001c1c01b", size = 23073695, upload-time = "2025-10-12T05:24:42.585Z" },
    { url = "https://files.pythonhosted.org/packages/c7/0a/75fcfd9b4a9cb288b0a1ca778b7f0ea947fb0f7c3fd78ea4680f0134441b/baml_py-0.211.2-cp38-abi3-win_amd64.whl", hash = "sha256:a3d84116bf1f845e0dc4d700db28b1bd8bac3ab4b44ac9e1b599047245b1469b", size = 20054285, upload-time = "2025-10-12T05:24:45.783Z" },
    { url = "https://files.pythonhosted.org/packages/76/cc/36650f0ee26fc7b364aceceaa2e773a675f435713f5cf4b21a708ca077cd/baml_py-0.211.2-cp38-abi3-win_arm64.whl", hash = "sha256:9828873c10f5d84d0e9d8f4ff6b430f67215f8edf048310e3788177503b3e232", size = 18296258, upload-time = "2025-10-12T05:24:48.49Z" },
]
